// !$*UTF8*$!
{
	archiveVersion = 1;
	classes = {
	};
	objectVersion = 77;
	objects = {

/* Begin PBXBuildFile section */
		552865862D3285C50011ECE5 /* AdTableViewCell.swift in Sources */ = {isa = PBXBuildFile; fileRef = 5528655A2D3285C50011ECE5 /* AdTableViewCell.swift */; };
		552865872D3285C50011ECE5 /* ChatWrittenByMeTableViewCell.swift in Sources */ = {isa = PBXBuildFile; fileRef = 5528655B2D3285C50011ECE5 /* ChatWrittenByMeTableViewCell.swift */; };
		552865882D3285C50011ECE5 /* ChatWrittenByOtherTableViewCell.swift in Sources */ = {isa = PBXBuildFile; fileRef = 5528655C2D3285C50011ECE5 /* ChatWrittenByOtherTableViewCell.swift */; };
		552865892D3285C50011ECE5 /* CityInfoCollectionViewCell.swift in Sources */ = {isa = PBXBuildFile; fileRef = 5528655D2D3285C50011ECE5 /* CityInfoCollectionViewCell.swift */; };
		5528658A2D3285C50011ECE5 /* CityInfoTableViewCell.swift in Sources */ = {isa = PBXBuildFile; fileRef = 5528655E2D3285C50011ECE5 /* CityInfoTableViewCell.swift */; };
		5528658B2D3285C50011ECE5 /* MagazineInfoTableViewCell.swift in Sources */ = {isa = PBXBuildFile; fileRef = 5528655F2D3285C50011ECE5 /* MagazineInfoTableViewCell.swift */; };
		5528658C2D3285C50011ECE5 /* TravelInfoTableViewCell.swift in Sources */ = {isa = PBXBuildFile; fileRef = 552865602D3285C50011ECE5 /* TravelInfoTableViewCell.swift */; };
		5528658D2D3285C50011ECE5 /* TravelTalkCollectionViewCell.swift in Sources */ = {isa = PBXBuildFile; fileRef = 552865612D3285C50011ECE5 /* TravelTalkCollectionViewCell.swift */; };
		5528658E2D3285C50011ECE5 /* ChattingData.swift in Sources */ = {isa = PBXBuildFile; fileRef = 552865632D3285C50011ECE5 /* ChattingData.swift */; };
		5528658F2D3285C50011ECE5 /* CityInfo.swift in Sources */ = {isa = PBXBuildFile; fileRef = 552865642D3285C50011ECE5 /* CityInfo.swift */; };
		552865902D3285C50011ECE5 /* MagazineInfo.swift in Sources */ = {isa = PBXBuildFile; fileRef = 552865652D3285C50011ECE5 /* MagazineInfo.swift */; };
		552865912D3285C50011ECE5 /* TravelInfo.swift in Sources */ = {isa = PBXBuildFile; fileRef = 552865662D3285C50011ECE5 /* TravelInfo.swift */; };
		552865922D3285C50011ECE5 /* String+Extension.swift in Sources */ = {isa = PBXBuildFile; fileRef = 552865682D3285C50011ECE5 /* String+Extension.swift */; };
		552865932D3285C50011ECE5 /* UITableViewCell + Extension.swift in Sources */ = {isa = PBXBuildFile; fileRef = 552865692D3285C50011ECE5 /* UITableViewCell + Extension.swift */; };
		552865942D3285C50011ECE5 /* AdDetailViewController.swift in Sources */ = {isa = PBXBuildFile; fileRef = 552865762D3285C50011ECE5 /* AdDetailViewController.swift */; };
		552865952D3285C50011ECE5 /* ChattingViewController.swift in Sources */ = {isa = PBXBuildFile; fileRef = 552865772D3285C50011ECE5 /* ChattingViewController.swift */; };
		552865962D3285C50011ECE5 /* CityInfoTableViewController.swift in Sources */ = {isa = PBXBuildFile; fileRef = 552865782D3285C50011ECE5 /* CityInfoTableViewController.swift */; };
		552865972D3285C50011ECE5 /* CityInfoViewController.swift in Sources */ = {isa = PBXBuildFile; fileRef = 552865792D3285C50011ECE5 /* CityInfoViewController.swift */; };
		552865982D3285C50011ECE5 /* MagazineInfoTableViewController.swift in Sources */ = {isa = PBXBuildFile; fileRef = 5528657A2D3285C50011ECE5 /* MagazineInfoTableViewController.swift */; };
		552865992D3285C50011ECE5 /* ShoppingTableViewController.swift in Sources */ = {isa = PBXBuildFile; fileRef = 5528657B2D3285C50011ECE5 /* ShoppingTableViewController.swift */; };
		5528659A2D3285C50011ECE5 /* TravelInfoDetailViewController.swift in Sources */ = {isa = PBXBuildFile; fileRef = 5528657C2D3285C50011ECE5 /* TravelInfoDetailViewController.swift */; };
		5528659B2D3285C50011ECE5 /* TravelInfoTableViewController.swift in Sources */ = {isa = PBXBuildFile; fileRef = 5528657D2D3285C50011ECE5 /* TravelInfoTableViewController.swift */; };
		5528659C2D3285C50011ECE5 /* TravelTalkViewController.swift in Sources */ = {isa = PBXBuildFile; fileRef = 5528657E2D3285C50011ECE5 /* TravelTalkViewController.swift */; };
		5528659D2D3285C50011ECE5 /* AppDelegate.swift in Sources */ = {isa = PBXBuildFile; fileRef = 552865802D3285C50011ECE5 /* AppDelegate.swift */; };
		5528659E2D3285C50011ECE5 /* DateFormatterManager.swift in Sources */ = {isa = PBXBuildFile; fileRef = 552865822D3285C50011ECE5 /* DateFormatterManager.swift */; };
		5528659F2D3285C50011ECE5 /* SceneDelegate.swift in Sources */ = {isa = PBXBuildFile; fileRef = 552865842D3285C50011ECE5 /* SceneDelegate.swift */; };
		552865A02D3285C50011ECE5 /* ChatWrittenByMeTableViewCell.xib in Resources */ = {isa = PBXBuildFile; fileRef = 5528656B2D3285C50011ECE5 /* ChatWrittenByMeTableViewCell.xib */; };
		552865A12D3285C50011ECE5 /* ChatWrittenByOtherTableViewCell.xib in Resources */ = {isa = PBXBuildFile; fileRef = 5528656C2D3285C50011ECE5 /* ChatWrittenByOtherTableViewCell.xib */; };
		552865A22D3285C50011ECE5 /* CityInfoCollectionViewCell.xib in Resources */ = {isa = PBXBuildFile; fileRef = 5528656D2D3285C50011ECE5 /* CityInfoCollectionViewCell.xib */; };
		552865A32D3285C50011ECE5 /* CityInfoTableViewCell.xib in Resources */ = {isa = PBXBuildFile; fileRef = 5528656E2D3285C50011ECE5 /* CityInfoTableViewCell.xib */; };
		552865A42D3285C50011ECE5 /* LaunchScreen.storyboard in Resources */ = {isa = PBXBuildFile; fileRef = 552865702D3285C50011ECE5 /* LaunchScreen.storyboard */; };
		552865A52D3285C50011ECE5 /* Main.storyboard in Resources */ = {isa = PBXBuildFile; fileRef = 552865722D3285C50011ECE5 /* Main.storyboard */; };
		552865A62D3285C50011ECE5 /* TravelTalk.storyboard in Resources */ = {isa = PBXBuildFile; fileRef = 552865732D3285C50011ECE5 /* TravelTalk.storyboard */; };
		552865A72D3285C50011ECE5 /* TravelTalkCollectionViewCell.xib in Resources */ = {isa = PBXBuildFile; fileRef = 552865742D3285C50011ECE5 /* TravelTalkCollectionViewCell.xib */; };
		552865A82D3285C50011ECE5 /* Assets.xcassets in Resources */ = {isa = PBXBuildFile; fileRef = 552865812D3285C50011ECE5 /* Assets.xcassets */; };
		552865D52D32B8E30011ECE5 /* Presentable.swift in Sources */ = {isa = PBXBuildFile; fileRef = 552865D42D32B8E30011ECE5 /* Presentable.swift */; };
		552865D72D32B92F0011ECE5 /* ReusableViewProtocol.swift in Sources */ = {isa = PBXBuildFile; fileRef = 552865D62D32B92F0011ECE5 /* ReusableViewProtocol.swift */; };
		552866012D33C7CD0011ECE5 /* ChatLabel.swift in Sources */ = {isa = PBXBuildFile; fileRef = 552866002D33C7CD0011ECE5 /* ChatLabel.swift */; };
		556007D02D2801A9008B18EA /* Kingfisher in Frameworks */ = {isa = PBXBuildFile; productRef = 556007CF2D2801A9008B18EA /* Kingfisher */; };
		556007D32D291383008B18EA /* Cosmos in Frameworks */ = {isa = PBXBuildFile; productRef = 556007D22D291383008B18EA /* Cosmos */; };
/* End PBXBuildFile section */

/* Begin PBXFileReference section */
		5528655A2D3285C50011ECE5 /* AdTableViewCell.swift */ = {isa = PBXFileReference; lastKnownFileType = sourcecode.swift; path = AdTableViewCell.swift; sourceTree = "<group>"; };
		5528655B2D3285C50011ECE5 /* ChatWrittenByMeTableViewCell.swift */ = {isa = PBXFileReference; lastKnownFileType = sourcecode.swift; path = ChatWrittenByMeTableViewCell.swift; sourceTree = "<group>"; };
		5528655C2D3285C50011ECE5 /* ChatWrittenByOtherTableViewCell.swift */ = {isa = PBXFileReference; lastKnownFileType = sourcecode.swift; path = ChatWrittenByOtherTableViewCell.swift; sourceTree = "<group>"; };
		5528655D2D3285C50011ECE5 /* CityInfoCollectionViewCell.swift */ = {isa = PBXFileReference; lastKnownFileType = sourcecode.swift; path = CityInfoCollectionViewCell.swift; sourceTree = "<group>"; };
		5528655E2D3285C50011ECE5 /* CityInfoTableViewCell.swift */ = {isa = PBXFileReference; lastKnownFileType = sourcecode.swift; path = CityInfoTableViewCell.swift; sourceTree = "<group>"; };
		5528655F2D3285C50011ECE5 /* MagazineInfoTableViewCell.swift */ = {isa = PBXFileReference; lastKnownFileType = sourcecode.swift; path = MagazineInfoTableViewCell.swift; sourceTree = "<group>"; };
		552865602D3285C50011ECE5 /* TravelInfoTableViewCell.swift */ = {isa = PBXFileReference; lastKnownFileType = sourcecode.swift; path = TravelInfoTableViewCell.swift; sourceTree = "<group>"; };
		552865612D3285C50011ECE5 /* TravelTalkCollectionViewCell.swift */ = {isa = PBXFileReference; lastKnownFileType = sourcecode.swift; path = TravelTalkCollectionViewCell.swift; sourceTree = "<group>"; };
		552865632D3285C50011ECE5 /* ChattingData.swift */ = {isa = PBXFileReference; lastKnownFileType = sourcecode.swift; path = ChattingData.swift; sourceTree = "<group>"; };
		552865642D3285C50011ECE5 /* CityInfo.swift */ = {isa = PBXFileReference; lastKnownFileType = sourcecode.swift; path = CityInfo.swift; sourceTree = "<group>"; };
		552865652D3285C50011ECE5 /* MagazineInfo.swift */ = {isa = PBXFileReference; lastKnownFileType = sourcecode.swift; path = MagazineInfo.swift; sourceTree = "<group>"; };
		552865662D3285C50011ECE5 /* TravelInfo.swift */ = {isa = PBXFileReference; lastKnownFileType = sourcecode.swift; path = TravelInfo.swift; sourceTree = "<group>"; };
		552865682D3285C50011ECE5 /* String+Extension.swift */ = {isa = PBXFileReference; lastKnownFileType = sourcecode.swift; path = "String+Extension.swift"; sourceTree = "<group>"; };
		552865692D3285C50011ECE5 /* UITableViewCell + Extension.swift */ = {isa = PBXFileReference; lastKnownFileType = sourcecode.swift; path = "UITableViewCell + Extension.swift"; sourceTree = "<group>"; };
		5528656B2D3285C50011ECE5 /* ChatWrittenByMeTableViewCell.xib */ = {isa = PBXFileReference; lastKnownFileType = file.xib; path = ChatWrittenByMeTableViewCell.xib; sourceTree = "<group>"; };
		5528656C2D3285C50011ECE5 /* ChatWrittenByOtherTableViewCell.xib */ = {isa = PBXFileReference; lastKnownFileType = file.xib; path = ChatWrittenByOtherTableViewCell.xib; sourceTree = "<group>"; };
		5528656D2D3285C50011ECE5 /* CityInfoCollectionViewCell.xib */ = {isa = PBXFileReference; lastKnownFileType = file.xib; path = CityInfoCollectionViewCell.xib; sourceTree = "<group>"; };
		5528656E2D3285C50011ECE5 /* CityInfoTableViewCell.xib */ = {isa = PBXFileReference; lastKnownFileType = file.xib; path = CityInfoTableViewCell.xib; sourceTree = "<group>"; };
		5528656F2D3285C50011ECE5 /* Base */ = {isa = PBXFileReference; lastKnownFileType = file.storyboard; name = Base; path = Base.lproj/LaunchScreen.storyboard; sourceTree = "<group>"; };
		552865712D3285C50011ECE5 /* Base */ = {isa = PBXFileReference; lastKnownFileType = file.storyboard; name = Base; path = Base.lproj/Main.storyboard; sourceTree = "<group>"; };
		552865732D3285C50011ECE5 /* TravelTalk.storyboard */ = {isa = PBXFileReference; lastKnownFileType = file.storyboard; path = TravelTalk.storyboard; sourceTree = "<group>"; };
		552865742D3285C50011ECE5 /* TravelTalkCollectionViewCell.xib */ = {isa = PBXFileReference; lastKnownFileType = file.xib; path = TravelTalkCollectionViewCell.xib; sourceTree = "<group>"; };
		552865762D3285C50011ECE5 /* AdDetailViewController.swift */ = {isa = PBXFileReference; lastKnownFileType = sourcecode.swift; path = AdDetailViewController.swift; sourceTree = "<group>"; };
		552865772D3285C50011ECE5 /* ChattingViewController.swift */ = {isa = PBXFileReference; lastKnownFileType = sourcecode.swift; path = ChattingViewController.swift; sourceTree = "<group>"; };
		552865782D3285C50011ECE5 /* CityInfoTableViewController.swift */ = {isa = PBXFileReference; lastKnownFileType = sourcecode.swift; path = CityInfoTableViewController.swift; sourceTree = "<group>"; };
		552865792D3285C50011ECE5 /* CityInfoViewController.swift */ = {isa = PBXFileReference; lastKnownFileType = sourcecode.swift; path = CityInfoViewController.swift; sourceTree = "<group>"; };
		5528657A2D3285C50011ECE5 /* MagazineInfoTableViewController.swift */ = {isa = PBXFileReference; lastKnownFileType = sourcecode.swift; path = MagazineInfoTableViewController.swift; sourceTree = "<group>"; };
		5528657B2D3285C50011ECE5 /* ShoppingTableViewController.swift */ = {isa = PBXFileReference; lastKnownFileType = sourcecode.swift; path = ShoppingTableViewController.swift; sourceTree = "<group>"; };
		5528657C2D3285C50011ECE5 /* TravelInfoDetailViewController.swift */ = {isa = PBXFileReference; lastKnownFileType = sourcecode.swift; path = TravelInfoDetailViewController.swift; sourceTree = "<group>"; };
		5528657D2D3285C50011ECE5 /* TravelInfoTableViewController.swift */ = {isa = PBXFileReference; lastKnownFileType = sourcecode.swift; path = TravelInfoTableViewController.swift; sourceTree = "<group>"; };
		5528657E2D3285C50011ECE5 /* TravelTalkViewController.swift */ = {isa = PBXFileReference; lastKnownFileType = sourcecode.swift; path = TravelTalkViewController.swift; sourceTree = "<group>"; };
		552865802D3285C50011ECE5 /* AppDelegate.swift */ = {isa = PBXFileReference; lastKnownFileType = sourcecode.swift; path = AppDelegate.swift; sourceTree = "<group>"; };
		552865812D3285C50011ECE5 /* Assets.xcassets */ = {isa = PBXFileReference; lastKnownFileType = folder.assetcatalog; path = Assets.xcassets; sourceTree = "<group>"; };
		552865822D3285C50011ECE5 /* DateFormatterManager.swift */ = {isa = PBXFileReference; lastKnownFileType = sourcecode.swift; path = DateFormatterManager.swift; sourceTree = "<group>"; };
		552865832D3285C50011ECE5 /* Info.plist */ = {isa = PBXFileReference; lastKnownFileType = text.plist.xml; path = Info.plist; sourceTree = "<group>"; };
		552865842D3285C50011ECE5 /* SceneDelegate.swift */ = {isa = PBXFileReference; lastKnownFileType = sourcecode.swift; path = SceneDelegate.swift; sourceTree = "<group>"; };
		552865D42D32B8E30011ECE5 /* Presentable.swift */ = {isa = PBXFileReference; lastKnownFileType = sourcecode.swift; path = Presentable.swift; sourceTree = "<group>"; };
		552865D62D32B92F0011ECE5 /* ReusableViewProtocol.swift */ = {isa = PBXFileReference; lastKnownFileType = sourcecode.swift; path = ReusableViewProtocol.swift; sourceTree = "<group>"; };
		552866002D33C7CD0011ECE5 /* ChatLabel.swift */ = {isa = PBXFileReference; lastKnownFileType = sourcecode.swift; path = ChatLabel.swift; sourceTree = "<group>"; };
		5560077A2D27F119008B18EA /* TravelProject.app */ = {isa = PBXFileReference; explicitFileType = wrapper.application; includeInIndex = 0; path = TravelProject.app; sourceTree = BUILT_PRODUCTS_DIR; };
/* End PBXFileReference section */

/* Begin PBXFrameworksBuildPhase section */
		556007772D27F119008B18EA /* Frameworks */ = {
			isa = PBXFrameworksBuildPhase;
			buildActionMask = 2147483647;
			files = (
				556007D32D291383008B18EA /* Cosmos in Frameworks */,
				556007D02D2801A9008B18EA /* Kingfisher in Frameworks */,
			);
			runOnlyForDeploymentPostprocessing = 0;
		};
/* End PBXFrameworksBuildPhase section */

/* Begin PBXGroup section */
		552865622D3285C50011ECE5 /* Cell */ = {
			isa = PBXGroup;
			children = (
				552865AA2D3287F40011ECE5 /* Chatting */,
				552865CE2D32B7070011ECE5 /* Travel */,
			);
			path = Cell;
			sourceTree = "<group>";
		};
		552865672D3285C50011ECE5 /* DummyData */ = {
			isa = PBXGroup;
			children = (
				552865632D3285C50011ECE5 /* ChattingData.swift */,
				552865642D3285C50011ECE5 /* CityInfo.swift */,
				552865652D3285C50011ECE5 /* MagazineInfo.swift */,
				552865662D3285C50011ECE5 /* TravelInfo.swift */,
			);
			path = DummyData;
			sourceTree = "<group>";
		};
		5528656A2D3285C50011ECE5 /* Extension */ = {
			isa = PBXGroup;
			children = (
				552865682D3285C50011ECE5 /* String+Extension.swift */,
				552865692D3285C50011ECE5 /* UITableViewCell + Extension.swift */,
			);
			path = Extension;
			sourceTree = "<group>";
		};
		552865752D3285C50011ECE5 /* View */ = {
			isa = PBXGroup;
			children = (
				552865702D3285C50011ECE5 /* LaunchScreen.storyboard */,
				552865722D3285C50011ECE5 /* Main.storyboard */,
				552865732D3285C50011ECE5 /* TravelTalk.storyboard */,
			);
			path = View;
			sourceTree = "<group>";
		};
		5528657F2D3285C50011ECE5 /* ViewController */ = {
			isa = PBXGroup;
			children = (
				552865D02D32B7390011ECE5 /* Chatting */,
				552865CF2D32B72C0011ECE5 /* Travel */,
			);
			path = ViewController;
			sourceTree = "<group>";
		};
		552865852D3285C50011ECE5 /* TravelProject */ = {
			isa = PBXGroup;
			children = (
				552865672D3285C50011ECE5 /* DummyData */,
				552865D32D32B8B10011ECE5 /* Protocol */,
				5528656A2D3285C50011ECE5 /* Extension */,
				552865622D3285C50011ECE5 /* Cell */,
				552865752D3285C50011ECE5 /* View */,
				5528657F2D3285C50011ECE5 /* ViewController */,
				552865802D3285C50011ECE5 /* AppDelegate.swift */,
				552865812D3285C50011ECE5 /* Assets.xcassets */,
				552866032D33C7E80011ECE5 /* Manager */,
				552866022D33C7DB0011ECE5 /* Custom */,
				552865832D3285C50011ECE5 /* Info.plist */,
				552865842D3285C50011ECE5 /* SceneDelegate.swift */,
			);
			path = TravelProject;
			sourceTree = "<group>";
		};
		552865AA2D3287F40011ECE5 /* Chatting */ = {
			isa = PBXGroup;
			children = (
				5528655B2D3285C50011ECE5 /* ChatWrittenByMeTableViewCell.swift */,
				5528655C2D3285C50011ECE5 /* ChatWrittenByOtherTableViewCell.swift */,
				552865612D3285C50011ECE5 /* TravelTalkCollectionViewCell.swift */,
				5528656B2D3285C50011ECE5 /* ChatWrittenByMeTableViewCell.xib */,
				5528656C2D3285C50011ECE5 /* ChatWrittenByOtherTableViewCell.xib */,
				552865742D3285C50011ECE5 /* TravelTalkCollectionViewCell.xib */,
			);
			path = Chatting;
			sourceTree = "<group>";
		};
		552865CE2D32B7070011ECE5 /* Travel */ = {
			isa = PBXGroup;
			children = (
				5528655A2D3285C50011ECE5 /* AdTableViewCell.swift */,
				5528655D2D3285C50011ECE5 /* CityInfoCollectionViewCell.swift */,
				5528655E2D3285C50011ECE5 /* CityInfoTableViewCell.swift */,
				5528655F2D3285C50011ECE5 /* MagazineInfoTableViewCell.swift */,
				552865602D3285C50011ECE5 /* TravelInfoTableViewCell.swift */,
				5528656D2D3285C50011ECE5 /* CityInfoCollectionViewCell.xib */,
				5528656E2D3285C50011ECE5 /* CityInfoTableViewCell.xib */,
			);
			path = Travel;
			sourceTree = "<group>";
		};
		552865CF2D32B72C0011ECE5 /* Travel */ = {
			isa = PBXGroup;
			children = (
				552865762D3285C50011ECE5 /* AdDetailViewController.swift */,
				552865782D3285C50011ECE5 /* CityInfoTableViewController.swift */,
				552865792D3285C50011ECE5 /* CityInfoViewController.swift */,
				5528657A2D3285C50011ECE5 /* MagazineInfoTableViewController.swift */,
				5528657B2D3285C50011ECE5 /* ShoppingTableViewController.swift */,
				5528657C2D3285C50011ECE5 /* TravelInfoDetailViewController.swift */,
				5528657D2D3285C50011ECE5 /* TravelInfoTableViewController.swift */,
			);
			path = Travel;
			sourceTree = "<group>";
		};
		552865D02D32B7390011ECE5 /* Chatting */ = {
			isa = PBXGroup;
			children = (
				552865772D3285C50011ECE5 /* ChattingViewController.swift */,
				5528657E2D3285C50011ECE5 /* TravelTalkViewController.swift */,
			);
			path = Chatting;
			sourceTree = "<group>";
		};
		552865D32D32B8B10011ECE5 /* Protocol */ = {
			isa = PBXGroup;
			children = (
				552865D42D32B8E30011ECE5 /* Presentable.swift */,
				552865D62D32B92F0011ECE5 /* ReusableViewProtocol.swift */,
			);
			path = Protocol;
			sourceTree = "<group>";
		};
		552866022D33C7DB0011ECE5 /* Custom */ = {
			isa = PBXGroup;
			children = (
				552866002D33C7CD0011ECE5 /* ChatLabel.swift */,
			);
			path = Custom;
			sourceTree = "<group>";
		};
		552866032D33C7E80011ECE5 /* Manager */ = {
			isa = PBXGroup;
			children = (
				552865822D3285C50011ECE5 /* DateFormatterManager.swift */,
			);
			path = Manager;
			sourceTree = "<group>";
		};
		556007712D27F119008B18EA = {
			isa = PBXGroup;
			children = (
				552865852D3285C50011ECE5 /* TravelProject */,
				5560077B2D27F119008B18EA /* Products */,
			);
			sourceTree = "<group>";
		};
		5560077B2D27F119008B18EA /* Products */ = {
			isa = PBXGroup;
			children = (
				5560077A2D27F119008B18EA /* TravelProject.app */,
			);
			name = Products;
			sourceTree = "<group>";
		};
/* End PBXGroup section */

/* Begin PBXNativeTarget section */
		556007792D27F119008B18EA /* TravelProject */ = {
			isa = PBXNativeTarget;
			buildConfigurationList = 5560078D2D27F11A008B18EA /* Build configuration list for PBXNativeTarget "TravelProject" */;
			buildPhases = (
				556007762D27F119008B18EA /* Sources */,
				556007772D27F119008B18EA /* Frameworks */,
				556007782D27F119008B18EA /* Resources */,
			);
			buildRules = (
			);
			dependencies = (
			);
			name = TravelProject;
			packageProductDependencies = (
				556007CF2D2801A9008B18EA /* Kingfisher */,
				556007D22D291383008B18EA /* Cosmos */,
			);
			productName = TravelProject;
			productReference = 5560077A2D27F119008B18EA /* TravelProject.app */;
			productType = "com.apple.product-type.application";
		};
/* End PBXNativeTarget section */

/* Begin PBXProject section */
		556007722D27F119008B18EA /* Project object */ = {
			isa = PBXProject;
			attributes = {
				BuildIndependentTargetsInParallel = 1;
				LastSwiftUpdateCheck = 1620;
				LastUpgradeCheck = 1620;
				TargetAttributes = {
					556007792D27F119008B18EA = {
						CreatedOnToolsVersion = 16.2;
					};
				};
			};
			buildConfigurationList = 556007752D27F119008B18EA /* Build configuration list for PBXProject "TravelProject" */;
			developmentRegion = en;
			hasScannedForEncodings = 0;
			knownRegions = (
				en,
				Base,
			);
			mainGroup = 556007712D27F119008B18EA;
			minimizedProjectReferenceProxies = 1;
			packageReferences = (
				556007CE2D2801A9008B18EA /* XCRemoteSwiftPackageReference "Kingfisher" */,
				556007D12D291383008B18EA /* XCRemoteSwiftPackageReference "Cosmos" */,
			);
			preferredProjectObjectVersion = 77;
			productRefGroup = 5560077B2D27F119008B18EA /* Products */;
			projectDirPath = "";
			projectRoot = "";
			targets = (
				556007792D27F119008B18EA /* TravelProject */,
			);
		};
/* End PBXProject section */

/* Begin PBXResourcesBuildPhase section */
		556007782D27F119008B18EA /* Resources */ = {
			isa = PBXResourcesBuildPhase;
			buildActionMask = 2147483647;
			files = (
				552865A02D3285C50011ECE5 /* ChatWrittenByMeTableViewCell.xib in Resources */,
				552865A12D3285C50011ECE5 /* ChatWrittenByOtherTableViewCell.xib in Resources */,
				552865A22D3285C50011ECE5 /* CityInfoCollectionViewCell.xib in Resources */,
				552865A32D3285C50011ECE5 /* CityInfoTableViewCell.xib in Resources */,
				552865A42D3285C50011ECE5 /* LaunchScreen.storyboard in Resources */,
				552865A52D3285C50011ECE5 /* Main.storyboard in Resources */,
				552865A62D3285C50011ECE5 /* TravelTalk.storyboard in Resources */,
				552865A72D3285C50011ECE5 /* TravelTalkCollectionViewCell.xib in Resources */,
				552865A82D3285C50011ECE5 /* Assets.xcassets in Resources */,
			);
			runOnlyForDeploymentPostprocessing = 0;
		};
/* End PBXResourcesBuildPhase section */

/* Begin PBXSourcesBuildPhase section */
		556007762D27F119008B18EA /* Sources */ = {
			isa = PBXSourcesBuildPhase;
			buildActionMask = 2147483647;
			files = (
				552865862D3285C50011ECE5 /* AdTableViewCell.swift in Sources */,
				552865872D3285C50011ECE5 /* ChatWrittenByMeTableViewCell.swift in Sources */,
				552865882D3285C50011ECE5 /* ChatWrittenByOtherTableViewCell.swift in Sources */,
				552865892D3285C50011ECE5 /* CityInfoCollectionViewCell.swift in Sources */,
				5528658A2D3285C50011ECE5 /* CityInfoTableViewCell.swift in Sources */,
				5528658B2D3285C50011ECE5 /* MagazineInfoTableViewCell.swift in Sources */,
				5528658C2D3285C50011ECE5 /* TravelInfoTableViewCell.swift in Sources */,
				5528658D2D3285C50011ECE5 /* TravelTalkCollectionViewCell.swift in Sources */,
				552865D52D32B8E30011ECE5 /* Presentable.swift in Sources */,
				5528658E2D3285C50011ECE5 /* ChattingData.swift in Sources */,
				5528658F2D3285C50011ECE5 /* CityInfo.swift in Sources */,
				552865902D3285C50011ECE5 /* MagazineInfo.swift in Sources */,
				552865912D3285C50011ECE5 /* TravelInfo.swift in Sources */,
				552865922D3285C50011ECE5 /* String+Extension.swift in Sources */,
				552865932D3285C50011ECE5 /* UITableViewCell + Extension.swift in Sources */,
				552865942D3285C50011ECE5 /* AdDetailViewController.swift in Sources */,
				552865952D3285C50011ECE5 /* ChattingViewController.swift in Sources */,
				552865962D3285C50011ECE5 /* CityInfoTableViewController.swift in Sources */,
				552865972D3285C50011ECE5 /* CityInfoViewController.swift in Sources */,
				552865982D3285C50011ECE5 /* MagazineInfoTableViewController.swift in Sources */,
				552865992D3285C50011ECE5 /* ShoppingTableViewController.swift in Sources */,
				5528659A2D3285C50011ECE5 /* TravelInfoDetailViewController.swift in Sources */,
				5528659B2D3285C50011ECE5 /* TravelInfoTableViewController.swift in Sources */,
				5528659C2D3285C50011ECE5 /* TravelTalkViewController.swift in Sources */,
				5528659D2D3285C50011ECE5 /* AppDelegate.swift in Sources */,
				552865D72D32B92F0011ECE5 /* ReusableViewProtocol.swift in Sources */,
				5528659E2D3285C50011ECE5 /* DateFormatterManager.swift in Sources */,
				552866012D33C7CD0011ECE5 /* ChatLabel.swift in Sources */,
				5528659F2D3285C50011ECE5 /* SceneDelegate.swift in Sources */,
			);
			runOnlyForDeploymentPostprocessing = 0;
		};
/* End PBXSourcesBuildPhase section */

/* Begin PBXVariantGroup section */
		552865702D3285C50011ECE5 /* LaunchScreen.storyboard */ = {
			isa = PBXVariantGroup;
			children = (
				5528656F2D3285C50011ECE5 /* Base */,
			);
			name = LaunchScreen.storyboard;
			sourceTree = "<group>";
		};
		552865722D3285C50011ECE5 /* Main.storyboard */ = {
			isa = PBXVariantGroup;
			children = (
				552865712D3285C50011ECE5 /* Base */,
			);
			name = Main.storyboard;
			sourceTree = "<group>";
		};
/* End PBXVariantGroup section */

/* Begin XCBuildConfiguration section */
		5560078E2D27F11A008B18EA /* Debug */ = {
			isa = XCBuildConfiguration;
			buildSettings = {
				ASSETCATALOG_COMPILER_APPICON_NAME = AppIcon;
				ASSETCATALOG_COMPILER_GLOBAL_ACCENT_COLOR_NAME = AccentColor;
				CODE_SIGN_STYLE = Automatic;
				CURRENT_PROJECT_VERSION = 1;
				GENERATE_INFOPLIST_FILE = YES;
				INFOPLIST_FILE = TravelProject/Info.plist;
				INFOPLIST_KEY_CFBundleDisplayName = "트래블";
				INFOPLIST_KEY_LSApplicationCategoryType = "public.app-category.travel";
				INFOPLIST_KEY_UIApplicationSupportsIndirectInputEvents = YES;
				INFOPLIST_KEY_UILaunchStoryboardName = LaunchScreen;
				INFOPLIST_KEY_UIMainStoryboardFile = Main;
				INFOPLIST_KEY_UISupportedInterfaceOrientations = UIInterfaceOrientationPortrait;
				INFOPLIST_KEY_UISupportedInterfaceOrientations_iPad = "UIInterfaceOrientationLandscapeLeft UIInterfaceOrientationLandscapeRight UIInterfaceOrientationPortrait UIInterfaceOrientationPortraitUpsideDown";
				IPHONEOS_DEPLOYMENT_TARGET = 18.0;
				LD_RUNPATH_SEARCH_PATHS = (
					"$(inherited)",
					"@executable_path/Frameworks",
				);
				MARKETING_VERSION = 1.0;
				PRODUCT_BUNDLE_IDENTIFIER = com.taylor.TravelProject;
				PRODUCT_NAME = "$(TARGET_NAME)";
				SUPPORTED_PLATFORMS = "iphoneos iphonesimulator";
				SUPPORTS_MACCATALYST = NO;
				SUPPORTS_MAC_DESIGNED_FOR_IPHONE_IPAD = NO;
				SUPPORTS_XR_DESIGNED_FOR_IPHONE_IPAD = NO;
				SWIFT_EMIT_LOC_STRINGS = YES;
				SWIFT_VERSION = 5.0;
				TARGETED_DEVICE_FAMILY = 1;
			};
			name = Debug;
		};
		5560078F2D27F11A008B18EA /* Release */ = {
			isa = XCBuildConfiguration;
			buildSettings = {
				ASSETCATALOG_COMPILER_APPICON_NAME = AppIcon;
				ASSETCATALOG_COMPILER_GLOBAL_ACCENT_COLOR_NAME = AccentColor;
				CODE_SIGN_STYLE = Automatic;
				CURRENT_PROJECT_VERSION = 1;
				GENERATE_INFOPLIST_FILE = YES;
				INFOPLIST_FILE = TravelProject/Info.plist;
				INFOPLIST_KEY_CFBundleDisplayName = "트래블";
				INFOPLIST_KEY_LSApplicationCategoryType = "public.app-category.travel";
				INFOPLIST_KEY_UIApplicationSupportsIndirectInputEvents = YES;
				INFOPLIST_KEY_UILaunchStoryboardName = LaunchScreen;
				INFOPLIST_KEY_UIMainStoryboardFile = Main;
				INFOPLIST_KEY_UISupportedInterfaceOrientations = UIInterfaceOrientationPortrait;
				INFOPLIST_KEY_UISupportedInterfaceOrientations_iPad = "UIInterfaceOrientationLandscapeLeft UIInterfaceOrientationLandscapeRight UIInterfaceOrientationPortrait UIInterfaceOrientationPortraitUpsideDown";
				IPHONEOS_DEPLOYMENT_TARGET = 18.0;
				LD_RUNPATH_SEARCH_PATHS = (
					"$(inherited)",
					"@executable_path/Frameworks",
				);
				MARKETING_VERSION = 1.0;
				PRODUCT_BUNDLE_IDENTIFIER = com.taylor.TravelProject;
				PRODUCT_NAME = "$(TARGET_NAME)";
				SUPPORTED_PLATFORMS = "iphoneos iphonesimulator";
				SUPPORTS_MACCATALYST = NO;
				SUPPORTS_MAC_DESIGNED_FOR_IPHONE_IPAD = NO;
				SUPPORTS_XR_DESIGNED_FOR_IPHONE_IPAD = NO;
				SWIFT_EMIT_LOC_STRINGS = YES;
				SWIFT_VERSION = 5.0;
				TARGETED_DEVICE_FAMILY = 1;
			};
			name = Release;
		};
		556007902D27F11A008B18EA /* Debug */ = {
			isa = XCBuildConfiguration;
			buildSettings = {
				ALWAYS_SEARCH_USER_PATHS = NO;
				ASSETCATALOG_COMPILER_GENERATE_SWIFT_ASSET_SYMBOL_EXTENSIONS = YES;
				CLANG_ANALYZER_NONNULL = YES;
				CLANG_ANALYZER_NUMBER_OBJECT_CONVERSION = YES_AGGRESSIVE;
				CLANG_CXX_LANGUAGE_STANDARD = "gnu++20";
				CLANG_ENABLE_MODULES = YES;
				CLANG_ENABLE_OBJC_ARC = YES;
				CLANG_ENABLE_OBJC_WEAK = YES;
				CLANG_WARN_BLOCK_CAPTURE_AUTORELEASING = YES;
				CLANG_WARN_BOOL_CONVERSION = YES;
				CLANG_WARN_COMMA = YES;
				CLANG_WARN_CONSTANT_CONVERSION = YES;
				CLANG_WARN_DEPRECATED_OBJC_IMPLEMENTATIONS = YES;
				CLANG_WARN_DIRECT_OBJC_ISA_USAGE = YES_ERROR;
				CLANG_WARN_DOCUMENTATION_COMMENTS = YES;
				CLANG_WARN_EMPTY_BODY = YES;
				CLANG_WARN_ENUM_CONVERSION = YES;
				CLANG_WARN_INFINITE_RECURSION = YES;
				CLANG_WARN_INT_CONVERSION = YES;
				CLANG_WARN_NON_LITERAL_NULL_CONVERSION = YES;
				CLANG_WARN_OBJC_IMPLICIT_RETAIN_SELF = YES;
				CLANG_WARN_OBJC_LITERAL_CONVERSION = YES;
				CLANG_WARN_OBJC_ROOT_CLASS = YES_ERROR;
				CLANG_WARN_QUOTED_INCLUDE_IN_FRAMEWORK_HEADER = YES;
				CLANG_WARN_RANGE_LOOP_ANALYSIS = YES;
				CLANG_WARN_STRICT_PROTOTYPES = YES;
				CLANG_WARN_SUSPICIOUS_MOVE = YES;
				CLANG_WARN_UNGUARDED_AVAILABILITY = YES_AGGRESSIVE;
				CLANG_WARN_UNREACHABLE_CODE = YES;
				CLANG_WARN__DUPLICATE_METHOD_MATCH = YES;
				COPY_PHASE_STRIP = NO;
				DEBUG_INFORMATION_FORMAT = dwarf;
				ENABLE_STRICT_OBJC_MSGSEND = YES;
				ENABLE_TESTABILITY = YES;
				ENABLE_USER_SCRIPT_SANDBOXING = YES;
				GCC_C_LANGUAGE_STANDARD = gnu17;
				GCC_DYNAMIC_NO_PIC = NO;
				GCC_NO_COMMON_BLOCKS = YES;
				GCC_OPTIMIZATION_LEVEL = 0;
				GCC_PREPROCESSOR_DEFINITIONS = (
					"DEBUG=1",
					"$(inherited)",
				);
				GCC_WARN_64_TO_32_BIT_CONVERSION = YES;
				GCC_WARN_ABOUT_RETURN_TYPE = YES_ERROR;
				GCC_WARN_UNDECLARED_SELECTOR = YES;
				GCC_WARN_UNINITIALIZED_AUTOS = YES_AGGRESSIVE;
				GCC_WARN_UNUSED_FUNCTION = YES;
				GCC_WARN_UNUSED_VARIABLE = YES;
				IPHONEOS_DEPLOYMENT_TARGET = 18.2;
				LOCALIZATION_PREFERS_STRING_CATALOGS = YES;
				MTL_ENABLE_DEBUG_INFO = INCLUDE_SOURCE;
				MTL_FAST_MATH = YES;
				ONLY_ACTIVE_ARCH = YES;
				SDKROOT = iphoneos;
				SWIFT_ACTIVE_COMPILATION_CONDITIONS = "DEBUG $(inherited)";
				SWIFT_OPTIMIZATION_LEVEL = "-Onone";
			};
			name = Debug;
		};
		556007912D27F11A008B18EA /* Release */ = {
			isa = XCBuildConfiguration;
			buildSettings = {
				ALWAYS_SEARCH_USER_PATHS = NO;
				ASSETCATALOG_COMPILER_GENERATE_SWIFT_ASSET_SYMBOL_EXTENSIONS = YES;
				CLANG_ANALYZER_NONNULL = YES;
				CLANG_ANALYZER_NUMBER_OBJECT_CONVERSION = YES_AGGRESSIVE;
				CLANG_CXX_LANGUAGE_STANDARD = "gnu++20";
				CLANG_ENABLE_MODULES = YES;
				CLANG_ENABLE_OBJC_ARC = YES;
				CLANG_ENABLE_OBJC_WEAK = YES;
				CLANG_WARN_BLOCK_CAPTURE_AUTORELEASING = YES;
				CLANG_WARN_BOOL_CONVERSION = YES;
				CLANG_WARN_COMMA = YES;
				CLANG_WARN_CONSTANT_CONVERSION = YES;
				CLANG_WARN_DEPRECATED_OBJC_IMPLEMENTATIONS = YES;
				CLANG_WARN_DIRECT_OBJC_ISA_USAGE = YES_ERROR;
				CLANG_WARN_DOCUMENTATION_COMMENTS = YES;
				CLANG_WARN_EMPTY_BODY = YES;
				CLANG_WARN_ENUM_CONVERSION = YES;
				CLANG_WARN_INFINITE_RECURSION = YES;
				CLANG_WARN_INT_CONVERSION = YES;
				CLANG_WARN_NON_LITERAL_NULL_CONVERSION = YES;
				CLANG_WARN_OBJC_IMPLICIT_RETAIN_SELF = YES;
				CLANG_WARN_OBJC_LITERAL_CONVERSION = YES;
				CLANG_WARN_OBJC_ROOT_CLASS = YES_ERROR;
				CLANG_WARN_QUOTED_INCLUDE_IN_FRAMEWORK_HEADER = YES;
				CLANG_WARN_RANGE_LOOP_ANALYSIS = YES;
				CLANG_WARN_STRICT_PROTOTYPES = YES;
				CLANG_WARN_SUSPICIOUS_MOVE = YES;
				CLANG_WARN_UNGUARDED_AVAILABILITY = YES_AGGRESSIVE;
				CLANG_WARN_UNREACHABLE_CODE = YES;
				CLANG_WARN__DUPLICATE_METHOD_MATCH = YES;
				COPY_PHASE_STRIP = NO;
				DEBUG_INFORMATION_FORMAT = "dwarf-with-dsym";
				ENABLE_NS_ASSERTIONS = NO;
				ENABLE_STRICT_OBJC_MSGSEND = YES;
				ENABLE_USER_SCRIPT_SANDBOXING = YES;
				GCC_C_LANGUAGE_STANDARD = gnu17;
				GCC_NO_COMMON_BLOCKS = YES;
				GCC_WARN_64_TO_32_BIT_CONVERSION = YES;
				GCC_WARN_ABOUT_RETURN_TYPE = YES_ERROR;
				GCC_WARN_UNDECLARED_SELECTOR = YES;
				GCC_WARN_UNINITIALIZED_AUTOS = YES_AGGRESSIVE;
				GCC_WARN_UNUSED_FUNCTION = YES;
				GCC_WARN_UNUSED_VARIABLE = YES;
				IPHONEOS_DEPLOYMENT_TARGET = 18.2;
				LOCALIZATION_PREFERS_STRING_CATALOGS = YES;
				MTL_ENABLE_DEBUG_INFO = NO;
				MTL_FAST_MATH = YES;
				SDKROOT = iphoneos;
				SWIFT_COMPILATION_MODE = wholemodule;
				VALIDATE_PRODUCT = YES;
			};
			name = Release;
		};
/* End XCBuildConfiguration section */

/* Begin XCConfigurationList section */
		556007752D27F119008B18EA /* Build configuration list for PBXProject "TravelProject" */ = {
			isa = XCConfigurationList;
			buildConfigurations = (
				556007902D27F11A008B18EA /* Debug */,
				556007912D27F11A008B18EA /* Release */,
			);
			defaultConfigurationIsVisible = 0;
			defaultConfigurationName = Release;
		};
		5560078D2D27F11A008B18EA /* Build configuration list for PBXNativeTarget "TravelProject" */ = {
			isa = XCConfigurationList;
			buildConfigurations = (
				5560078E2D27F11A008B18EA /* Debug */,
				5560078F2D27F11A008B18EA /* Release */,
			);
			defaultConfigurationIsVisible = 0;
			defaultConfigurationName = Release;
		};
/* End XCConfigurationList section */

/* Begin XCRemoteSwiftPackageReference section */
		556007CE2D2801A9008B18EA /* XCRemoteSwiftPackageReference "Kingfisher" */ = {
			isa = XCRemoteSwiftPackageReference;
			repositoryURL = "https://github.com/onevcat/Kingfisher";
			requirement = {
				kind = upToNextMajorVersion;
				minimumVersion = 8.1.3;
			};
		};
		556007D12D291383008B18EA /* XCRemoteSwiftPackageReference "Cosmos" */ = {
			isa = XCRemoteSwiftPackageReference;
			repositoryURL = "https://github.com/evgenyneu/Cosmos.git";
			requirement = {
				kind = upToNextMajorVersion;
				minimumVersion = 25.0.1;
			};
		};
/* End XCRemoteSwiftPackageReference section */

/* Begin XCSwiftPackageProductDependency section */
		556007CF2D2801A9008B18EA /* Kingfisher */ = {
			isa = XCSwiftPackageProductDependency;
			package = 556007CE2D2801A9008B18EA /* XCRemoteSwiftPackageReference "Kingfisher" */;
			productName = Kingfisher;
		};
		556007D22D291383008B18EA /* Cosmos */ = {
			isa = XCSwiftPackageProductDependency;
			package = 556007D12D291383008B18EA /* XCRemoteSwiftPackageReference "Cosmos" */;
			productName = Cosmos;
		};
/* End XCSwiftPackageProductDependency section */
	};
	rootObject = 556007722D27F119008B18EA /* Project object */;
}
